
Microsoft Visual Studio Solution File, Format Version 12.00
# Visual Studio Version 16
VisualStudioVersion = 16.0.28729.10
MinimumVisualStudioVersion = 10.0.40219.1
Project("{FAE04EC0-301F-11D3-BF4B-00C04F79EFBC}") = "nilus.geoservices.vrp", "nilus.geoservices.vrp\nilus.geoservices.vrp.csproj", "{2D8025E3-C7C0-4DAE-B27F-3C6F5CBD4F08}"
EndProject
Project("{FAE04EC0-301F-11D3-BF4B-00C04F79EFBC}") = "nilus.geoservices.vrp.tests", "nilus.geoservices.vrp.tests\nilus.geoservices.vrp.tests.csproj", "{0F5B795E-E35C-4C0D-8311-F7BE52085C14}"
EndProject
Global
	GlobalSection(SolutionConfigurationPlatforms) = preSolution
		Debug|Any CPU = Debug|Any CPU
		Release|Any CPU = Release|Any CPU
	EndGlobalSection
	GlobalSection(ProjectConfigurationPlatforms) = postSolution
		{2D8025E3-C7C0-4DAE-B27F-3C6F5CBD4F08}.Debug|Any CPU.ActiveCfg = Debug|Any CPU
		{2D8025E3-C7C0-4DAE-B27F-3C6F5CBD4F08}.Debug|Any CPU.Build.0 = Debug|Any CPU
		{2D8025E3-C7C0-4DAE-B27F-3C6F5CBD4F08}.Release|Any CPU.ActiveCfg = Release|Any CPU
		{2D8025E3-C7C0-4DAE-B27F-3C6F5CBD4F08}.Release|Any CPU.Build.0 = Release|Any CPU
		{0F5B795E-E35C-4C0D-8311-F7BE52085C14}.Debug|Any CPU.ActiveCfg = Debug|Any CPU
		{0F5B795E-E35C-4C0D-8311-F7BE52085C14}.Debug|Any CPU.Build.0 = Debug|Any CPU
		{0F5B795E-E35C-4C0D-8311-F7BE52085C14}.Release|Any CPU.ActiveCfg = Release|Any CPU
		{0F5B795E-E35C-4C0D-8311-F7BE52085C14}.Release|Any CPU.Build.0 = Release|Any CPU
	EndGlobalSection
	GlobalSection(SolutionProperties) = preSolution
		HideSolutionNode = FALSE
	EndGlobalSection
	GlobalSection(ExtensibilityGlobals) = postSolution
		SolutionGuid = {BFA97F9C-1B5F-4F88-907C-A322FC70D650}
	EndGlobalSection
EndGlobal
